<?xml version="1.0" encoding="utf-8"?>
<Project ToolsVersion="4.0" xmlns="http://schemas.microsoft.com/developer/msbuild/2003">
  <ItemGroup>
    <Filter Include="src">
      <UniqueIdentifier>{4FC737F1-C7A5-4376-A066-2A32D752A2FF}</UniqueIdentifier>
      <Extensions>cpp;c;cc;cxx;c++;cppm;ixx;def;odl;idl;hpj;bat;asm;asmx</Extensions>
    </Filter>
    <Filter Include="plugin_sdk">
      <UniqueIdentifier>{bd2578a1-3ff5-40ed-adbc-4679e687d14c}</UniqueIdentifier>
    </Filter>
  </ItemGroup>
  <ItemGroup>
    <ClCompile Include="dllmain.cpp">
      <Filter>src</Filter>
    </ClCompile>
    <ClCompile Include="..\plugin_sdk\plugin_sdk.cpp">
      <Filter>plugin_sdk</Filter>
    </ClCompile>
    <ClCompile Include="..\plugin_sdk\clipper.cpp">
      <Filter>plugin_sdk</Filter>
    </ClCompile>
    <ClCompile Include="tryndamere.cpp">
      <Filter>src</Filter>
    </ClCompile>
    <ClCompile Include="kindred.cpp">
      <Filter>src</Filter>
    </ClCompile>
    <ClCompile Include="trundle.cpp">
      <Filter>src</Filter>
    </ClCompile>
    <ClCompile Include="farm.cpp">
      <Filter>src</Filter>
    </ClCompile>
    <ClCompile Include="jax.cpp">
      <Filter>src</Filter>
    </ClCompile>
    <ClCompile Include="kayle.cpp">
      <Filter>src</Filter>
    </ClCompile>
    <ClCompile Include="vex.cpp">
      <Filter>src</Filter>
    </ClCompile>
    <ClCompile Include="masteryi.cpp">
      <Filter>src</Filter>
    </ClCompile>
    <ClCompile Include="chogath.cpp">
      <Filter>src</Filter>
    </ClCompile>
    <ClCompile Include="twitch.cpp">
      <Filter>src</Filter>
    </ClCompile>
    <ClCompile Include="kalista.cpp">
      <Filter>src</Filter>
    </ClCompile>
    <ClCompile Include="malzahar.cpp">
      <Filter>src</Filter>
    </ClCompile>
    <ClCompile Include="missfortune.cpp">
      <Filter>src</Filter>
    </ClCompile>
    <ClCompile Include="teemo.cpp">
      <Filter>src</Filter>
    </ClCompile>
  </ItemGroup>
  <ItemGroup>
    <ClInclude Include="..\plugin_sdk\cpplinq.h">
      <Filter>plugin_sdk</Filter>
    </ClInclude>
    <ClInclude Include="..\plugin_sdk\plugin_sdk.hpp">
      <Filter>plugin_sdk</Filter>
    </ClInclude>
    <ClInclude Include="..\plugin_sdk\clipper.h">
      <Filter>plugin_sdk</Filter>
    </ClInclude>
    <ClInclude Include="tryndamere.h">
      <Filter>src</Filter>
    </ClInclude>
    <ClInclude Include="kindred.h">
      <Filter>src</Filter>
    </ClInclude>
    <ClInclude Include="trundle.h">
      <Filter>src</Filter>
    </ClInclude>
    <ClInclude Include="farm.h">
      <Filter>src</Filter>
    </ClInclude>
    <ClInclude Include="jax.h">
      <Filter>src</Filter>
    </ClInclude>
    <ClInclude Include="kayle.h">
      <Filter>src</Filter>
    </ClInclude>
    <ClInclude Include="vex.h">
      <Filter>src</Filter>
    </ClInclude>
    <ClInclude Include="masteryi.h">
      <Filter>src</Filter>
    </ClInclude>
    <ClInclude Include="chogath.h">
      <Filter>src</Filter>
    </ClInclude>
    <ClInclude Include="twitch.h">
      <Filter>src</Filter>
    </ClInclude>
    <ClInclude Include="kalista.h">
      <Filter>src</Filter>
    </ClInclude>
    <ClInclude Include="malzahar.h">
      <Filter>src</Filter>
    </ClInclude>
    <ClInclude Include="missfortune.h">
      <Filter>src</Filter>
    </ClInclude>
    <ClInclude Include="teemo.h">
      <Filter>src</Filter>
    </ClInclude>
  </ItemGroup>
</Project>